
Microsoft Visual Studio Solution File, Format Version 12.00
Project("{FAE04EC0-301F-11D3-BF4B-00C04F79EFBC}") = "DesktopApp", "DesktopApp\DesktopApp.csproj", "{4493FE71-2580-4145-A5FB-1103024BA7EC}"
EndProject
Project("{FAE04EC0-301F-11D3-BF4B-00C04F79EFBC}") = "MauiBlazorApp", "MauiBlazorApp\MauiBlazorApp.csproj", "{83B27594-0009-4342-82C1-4561EAFAE083}"
EndProject
Project("{FAE04EC0-301F-11D3-BF4B-00C04F79EFBC}") = "DatabaseLibrary", "DatabaseLibrary\DatabaseLibrary.csproj", "{7F84CAC5-535D-4B3E-A426-ADF7024991BD}"
EndProject
Global
	GlobalSection(SolutionConfigurationPlatforms) = preSolution
		Debug|Any CPU = Debug|Any CPU
		Release|Any CPU = Release|Any CPU
	EndGlobalSection
	GlobalSection(ProjectConfigurationPlatforms) = postSolution
		{4493FE71-2580-4145-A5FB-1103024BA7EC}.Debug|Any CPU.ActiveCfg = Debug|Any CPU
		{4493FE71-2580-4145-A5FB-1103024BA7EC}.Debug|Any CPU.Build.0 = Debug|Any CPU
		{4493FE71-2580-4145-A5FB-1103024BA7EC}.Release|Any CPU.ActiveCfg = Release|Any CPU
		{4493FE71-2580-4145-A5FB-1103024BA7EC}.Release|Any CPU.Build.0 = Release|Any CPU
		{83B27594-0009-4342-82C1-4561EAFAE083}.Debug|Any CPU.ActiveCfg = Debug|Any CPU
		{83B27594-0009-4342-82C1-4561EAFAE083}.Debug|Any CPU.Build.0 = Debug|Any CPU
		{83B27594-0009-4342-82C1-4561EAFAE083}.Release|Any CPU.ActiveCfg = Release|Any CPU
		{83B27594-0009-4342-82C1-4561EAFAE083}.Release|Any CPU.Build.0 = Release|Any CPU
		{7F84CAC5-535D-4B3E-A426-ADF7024991BD}.Debug|Any CPU.ActiveCfg = Debug|Any CPU
		{7F84CAC5-535D-4B3E-A426-ADF7024991BD}.Debug|Any CPU.Build.0 = Debug|Any CPU
		{7F84CAC5-535D-4B3E-A426-ADF7024991BD}.Release|Any CPU.ActiveCfg = Release|Any CPU
		{7F84CAC5-535D-4B3E-A426-ADF7024991BD}.Release|Any CPU.Build.0 = Release|Any CPU
	EndGlobalSection
EndGlobal
